// !$*UTF8*$!
{
	archiveVersion = 1;
	classes = {
	};
	objectVersion = 46;
	objects = {

/* Begin PBXBuildFile section */
		146537441EA2FEC900D60B72 /* AppDelegate.swift in Sources */ = {isa = PBXBuildFile; fileRef = 146537431EA2FEC900D60B72 /* AppDelegate.swift */; };
		146537461EA2FEC900D60B72 /* ViewController.swift in Sources */ = {isa = PBXBuildFile; fileRef = 146537451EA2FEC900D60B72 /* ViewController.swift */; };
		146537491EA2FEC900D60B72 /* Main.storyboard in Resources */ = {isa = PBXBuildFile; fileRef = 146537471EA2FEC900D60B72 /* Main.storyboard */; };
		1465374B1EA2FEC900D60B72 /* Assets.xcassets in Resources */ = {isa = PBXBuildFile; fileRef = 1465374A1EA2FEC900D60B72 /* Assets.xcassets */; };
		1465374E1EA2FEC900D60B72 /* LaunchScreen.storyboard in Resources */ = {isa = PBXBuildFile; fileRef = 1465374C1EA2FEC900D60B72 /* LaunchScreen.storyboard */; };
		146537591EA2FEC900D60B72 /* EPreventionTests.swift in Sources */ = {isa = PBXBuildFile; fileRef = 146537581EA2FEC900D60B72 /* EPreventionTests.swift */; };
/* End PBXBuildFile section */

/* Begin PBXContainerItemProxy section */
		146537551EA2FEC900D60B72 /* PBXContainerItemProxy */ = {
			isa = PBXContainerItemProxy;
			containerPortal = 146537381EA2FEC800D60B72 /* Project object */;
			proxyType = 1;
			remoteGlobalIDString = 1465373F1EA2FEC900D60B72;
			remoteInfo = EPrevention;
		};
/* End PBXContainerItemProxy section */

/* Begin PBXFileReference section */
		146537401EA2FEC900D60B72 /* EPrevention.app */ = {isa = PBXFileReference; explicitFileType = wrapper.application; includeInIndex = 0; path = EPrevention.app; sourceTree = BUILT_PRODUCTS_DIR; };
		146537431EA2FEC900D60B72 /* AppDelegate.swift */ = {isa = PBXFileReference; lastKnownFileType = sourcecode.swift; path = AppDelegate.swift; sourceTree = "<group>"; };
		146537451EA2FEC900D60B72 /* ViewController.swift */ = {isa = PBXFileReference; lastKnownFileType = sourcecode.swift; path = ViewController.swift; sourceTree = "<group>"; };
		146537481EA2FEC900D60B72 /* Base */ = {isa = PBXFileReference; lastKnownFileType = file.storyboard; name = Base; path = Base.lproj/Main.storyboard; sourceTree = "<group>"; };
		1465374A1EA2FEC900D60B72 /* Assets.xcassets */ = {isa = PBXFileReference; lastKnownFileType = folder.assetcatalog; path = Assets.xcassets; sourceTree = "<group>"; };
		1465374D1EA2FEC900D60B72 /* Base */ = {isa = PBXFileReference; lastKnownFileType = file.storyboard; name = Base; path = Base.lproj/LaunchScreen.storyboard; sourceTree = "<group>"; };
		1465374F1EA2FEC900D60B72 /* Info.plist */ = {isa = PBXFileReference; lastKnownFileType = text.plist.xml; path = Info.plist; sourceTree = "<group>"; };
		146537541EA2FEC900D60B72 /* EPreventionTests.xctest */ = {isa = PBXFileReference; explicitFileType = wrapper.cfbundle; includeInIndex = 0; path = EPreventionTests.xctest; sourceTree = BUILT_PRODUCTS_DIR; };
		146537581EA2FEC900D60B72 /* EPreventionTests.swift */ = {isa = PBXFileReference; lastKnownFileType = sourcecode.swift; path = EPreventionTests.swift; sourceTree = "<group>"; };
		1465375A1EA2FEC900D60B72 /* Info.plist */ = {isa = PBXFileReference; lastKnownFileType = text.plist.xml; path = Info.plist; sourceTree = "<group>"; };
/* End PBXFileReference section */

/* Begin PBXFrameworksBuildPhase section */
		1465373D1EA2FEC900D60B72 /* Frameworks */ = {
			isa = PBXFrameworksBuildPhase;
			buildActionMask = 2147483647;
			files = (
			);
			runOnlyForDeploymentPostprocessing = 0;
		};
		146537511EA2FEC900D60B72 /* Frameworks */ = {
			isa = PBXFrameworksBuildPhase;
			buildActionMask = 2147483647;
			files = (
			);
			runOnlyForDeploymentPostprocessing = 0;
		};
/* End PBXFrameworksBuildPhase section */

/* Begin PBXGroup section */
		146537371EA2FEC800D60B72 = {
			isa = PBXGroup;
			children = (
				146537421EA2FEC900D60B72 /* EPrevention */,
				146537571EA2FEC900D60B72 /* EPreventionTests */,
				146537411EA2FEC900D60B72 /* Products */,
			);
			sourceTree = "<group>";
		};
		146537411EA2FEC900D60B72 /* Products */ = {
			isa = PBXGroup;
			children = (
				146537401EA2FEC900D60B72 /* EPrevention.app */,
				146537541EA2FEC900D60B72 /* EPreventionTests.xctest */,
			);
			name = Products;
			sourceTree = "<group>";
		};
		146537421EA2FEC900D60B72 /* EPrevention */ = {
			isa = PBXGroup;
			children = (
				146537431EA2FEC900D60B72 /* AppDelegate.swift */,
				146537451EA2FEC900D60B72 /* ViewController.swift */,
				146537471EA2FEC900D60B72 /* Main.storyboard */,
				1465374A1EA2FEC900D60B72 /* Assets.xcassets */,
				1465374C1EA2FEC900D60B72 /* LaunchScreen.storyboard */,
				1465374F1EA2FEC900D60B72 /* Info.plist */,
			);
			path = EPrevention;
			sourceTree = "<group>";
		};
		146537571EA2FEC900D60B72 /* EPreventionTests */ = {
			isa = PBXGroup;
			children = (
				146537581EA2FEC900D60B72 /* EPreventionTests.swift */,
				1465375A1EA2FEC900D60B72 /* Info.plist */,
			);
			path = EPreventionTests;
			sourceTree = "<group>";
		};
/* End PBXGroup section */

/* Begin PBXNativeTarget section */
		1465373F1EA2FEC900D60B72 /* EPrevention */ = {
			isa = PBXNativeTarget;
			buildConfigurationList = 1465375D1EA2FEC900D60B72 /* Build configuration list for PBXNativeTarget "EPrevention" */;
			buildPhases = (
				1465373C1EA2FEC900D60B72 /* Sources */,
				1465373D1EA2FEC900D60B72 /* Frameworks */,
				1465373E1EA2FEC900D60B72 /* Resources */,
			);
			buildRules = (
			);
			dependencies = (
			);
			name = EPrevention;
			productName = EPrevention;
			productReference = 146537401EA2FEC900D60B72 /* EPrevention.app */;
			productType = "com.apple.product-type.application";
		};
		146537531EA2FEC900D60B72 /* EPreventionTests */ = {
			isa = PBXNativeTarget;
			buildConfigurationList = 146537601EA2FEC900D60B72 /* Build configuration list for PBXNativeTarget "EPreventionTests" */;
			buildPhases = (
				146537501EA2FEC900D60B72 /* Sources */,
				146537511EA2FEC900D60B72 /* Frameworks */,
				146537521EA2FEC900D60B72 /* Resources */,
			);
			buildRules = (
			);
			dependencies = (
				146537561EA2FEC900D60B72 /* PBXTargetDependency */,
			);
			name = EPreventionTests;
			productName = EPreventionTests;
			productReference = 146537541EA2FEC900D60B72 /* EPreventionTests.xctest */;
			productType = "com.apple.product-type.bundle.unit-test";
		};
/* End PBXNativeTarget section */

/* Begin PBXProject section */
		146537381EA2FEC800D60B72 /* Project object */ = {
			isa = PBXProject;
			attributes = {
				LastSwiftUpdateCheck = 0820;
				LastUpgradeCheck = 0820;
				ORGANIZATIONNAME = CYC;
				TargetAttributes = {
					1465373F1EA2FEC900D60B72 = {
						CreatedOnToolsVersion = 8.2.1;
						ProvisioningStyle = Automatic;
					};
					146537531EA2FEC900D60B72 = {
						CreatedOnToolsVersion = 8.2.1;
						ProvisioningStyle = Automatic;
						TestTargetID = 1465373F1EA2FEC900D60B72;
					};
				};
			};
			buildConfigurationList = 1465373B1EA2FEC800D60B72 /* Build configuration list for PBXProject "EPrevention" */;
			compatibilityVersion = "Xcode 3.2";
			developmentRegion = English;
			hasScannedForEncodings = 0;
			knownRegions = (
				en,
				Base,
			);
			mainGroup = 146537371EA2FEC800D60B72;
			productRefGroup = 146537411EA2FEC900D60B72 /* Products */;
			projectDirPath = "";
			projectRoot = "";
			targets = (
				1465373F1EA2FEC900D60B72 /* EPrevention */,
				146537531EA2FEC900D60B72 /* EPreventionTests */,
			);
		};
/* End PBXProject section */

/* Begin PBXResourcesBuildPhase section */
		1465373E1EA2FEC900D60B72 /* Resources */ = {
			isa = PBXResourcesBuildPhase;
			buildActionMask = 2147483647;
			files = (
				1465374E1EA2FEC900D60B72 /* LaunchScreen.storyboard in Resources */,
				1465374B1EA2FEC900D60B72 /* Assets.xcassets in Resources */,
				146537491EA2FEC900D60B72 /* Main.storyboard in Resources */,
			);
			runOnlyForDeploymentPostprocessing = 0;
		};
		146537521EA2FEC900D60B72 /* Resources */ = {
			isa = PBXResourcesBuildPhase;
			buildActionMask = 2147483647;
			files = (
			);
			runOnlyForDeploymentPostprocessing = 0;
		};
/* End PBXResourcesBuildPhase section */

/* Begin PBXSourcesBuildPhase section */
		1465373C1EA2FEC900D60B72 /* Sources */ = {
			isa = PBXSourcesBuildPhase;
			buildActionMask = 2147483647;
			files = (
				146537461EA2FEC900D60B72 /* ViewController.swift in Sources */,
				146537441EA2FEC900D60B72 /* AppDelegate.swift in Sources */,
			);
			runOnlyForDeploymentPostprocessing = 0;
		};
		146537501EA2FEC900D60B72 /* Sources */ = {
			isa = PBXSourcesBuildPhase;
			buildActionMask = 2147483647;
			files = (
				146537591EA2FEC900D60B72 /* EPreventionTests.swift in Sources */,
			);
			runOnlyForDeploymentPostprocessing = 0;
		};
/* End PBXSourcesBuildPhase section */

/* Begin PBXTargetDependency section */
		146537561EA2FEC900D60B72 /* PBXTargetDependency */ = {
			isa = PBXTargetDependency;
			target = 1465373F1EA2FEC900D60B72 /* EPrevention */;
			targetProxy = 146537551EA2FEC900D60B72 /* PBXContainerItemProxy */;
		};
/* End PBXTargetDependency section */

/* Begin PBXVariantGroup section */
		146537471EA2FEC900D60B72 /* Main.storyboard */ = {
			isa = PBXVariantGroup;
			children = (
				146537481EA2FEC900D60B72 /* Base */,
			);
			name = Main.storyboard;
			sourceTree = "<group>";
		};
		1465374C1EA2FEC900D60B72 /* LaunchScreen.storyboard */ = {
			isa = PBXVariantGroup;
			children = (
				1465374D1EA2FEC900D60B72 /* Base */,
			);
			name = LaunchScreen.storyboard;
			sourceTree = "<group>";
		};
/* End PBXVariantGroup section */

/* Begin XCBuildConfiguration section */
		1465375B1EA2FEC900D60B72 /* Debug */ = {
			isa = XCBuildConfiguration;
			buildSettings = {
				ALWAYS_SEARCH_USER_PATHS = NO;
				CLANG_ANALYZER_NONNULL = YES;
				CLANG_CXX_LANGUAGE_STANDARD = "gnu++0x";
				CLANG_CXX_LIBRARY = "libc++";
				CLANG_ENABLE_MODULES = YES;
				CLANG_ENABLE_OBJC_ARC = YES;
				CLANG_WARN_BOOL_CONVERSION = YES;
				CLANG_WARN_CONSTANT_CONVERSION = YES;
				CLANG_WARN_DIRECT_OBJC_ISA_USAGE = YES_ERROR;
				CLANG_WARN_DOCUMENTATION_COMMENTS = YES;
				CLANG_WARN_EMPTY_BODY = YES;
				CLANG_WARN_ENUM_CONVERSION = YES;
				CLANG_WARN_INFINITE_RECURSION = YES;
				CLANG_WARN_INT_CONVERSION = YES;
				CLANG_WARN_OBJC_ROOT_CLASS = YES_ERROR;
				CLANG_WARN_SUSPICIOUS_MOVE = YES;
				CLANG_WARN_UNREACHABLE_CODE = YES;
				CLANG_WARN__DUPLICATE_METHOD_MATCH = YES;
				"CODE_SIGN_IDENTITY[sdk=iphoneos*]" = "iPhone Developer";
				COPY_PHASE_STRIP = NO;
				DEBUG_INFORMATION_FORMAT = dwarf;
				ENABLE_STRICT_OBJC_MSGSEND = YES;
				ENABLE_TESTABILITY = YES;
				GCC_C_LANGUAGE_STANDARD = gnu99;
				GCC_DYNAMIC_NO_PIC = NO;
				GCC_NO_COMMON_BLOCKS = YES;
				GCC_OPTIMIZATION_LEVEL = 0;
				GCC_PREPROCESSOR_DEFINITIONS = (
					"DEBUG=1",
					"$(inherited)",
				);
				GCC_WARN_64_TO_32_BIT_CONVERSION = YES;
				GCC_WARN_ABOUT_RETURN_TYPE = YES_ERROR;
				GCC_WARN_UNDECLARED_SELECTOR = YES;
				GCC_WARN_UNINITIALIZED_AUTOS = YES_AGGRESSIVE;
				GCC_WARN_UNUSED_FUNCTION = YES;
				GCC_WARN_UNUSED_VARIABLE = YES;
				IPHONEOS_DEPLOYMENT_TARGET = 10.2;
				MTL_ENABLE_DEBUG_INFO = YES;
				ONLY_ACTIVE_ARCH = YES;
				SDKROOT = iphoneos;
				SWIFT_ACTIVE_COMPILATION_CONDITIONS = DEBUG;
				SWIFT_OPTIMIZATION_LEVEL = "-Onone";
			};
			name = Debug;
		};
		1465375C1EA2FEC900D60B72 /* Release */ = {
			isa = XCBuildConfiguration;
			buildSettings = {
				ALWAYS_SEARCH_USER_PATHS = NO;
				CLANG_ANALYZER_NONNULL = YES;
				CLANG_CXX_LANGUAGE_STANDARD = "gnu++0x";
				CLANG_CXX_LIBRARY = "libc++";
				CLANG_ENABLE_MODULES = YES;
				CLANG_ENABLE_OBJC_ARC = YES;
				CLANG_WARN_BOOL_CONVERSION = YES;
				CLANG_WARN_CONSTANT_CONVERSION = YES;
				CLANG_WARN_DIRECT_OBJC_ISA_USAGE = YES_ERROR;
				CLANG_WARN_DOCUMENTATION_COMMENTS = YES;
				CLANG_WARN_EMPTY_BODY = YES;
				CLANG_WARN_ENUM_CONVERSION = YES;
				CLANG_WARN_INFINITE_RECURSION = YES;
				CLANG_WARN_INT_CONVERSION = YES;
				CLANG_WARN_OBJC_ROOT_CLASS = YES_ERROR;
				CLANG_WARN_SUSPICIOUS_MOVE = YES;
				CLANG_WARN_UNREACHABLE_CODE = YES;
				CLANG_WARN__DUPLICATE_METHOD_MATCH = YES;
				"CODE_SIGN_IDENTITY[sdk=iphoneos*]" = "iPhone Developer";
				COPY_PHASE_STRIP = NO;
				DEBUG_INFORMATION_FORMAT = "dwarf-with-dsym";
				ENABLE_NS_ASSERTIONS = NO;
				ENABLE_STRICT_OBJC_MSGSEND = YES;
				GCC_C_LANGUAGE_STANDARD = gnu99;
				GCC_NO_COMMON_BLOCKS = YES;
				GCC_WARN_64_TO_32_BIT_CONVERSION = YES;
				GCC_WARN_ABOUT_RETURN_TYPE = YES_ERROR;
				GCC_WARN_UNDECLARED_SELECTOR = YES;
				GCC_WARN_UNINITIALIZED_AUTOS = YES_AGGRESSIVE;
				GCC_WARN_UNUSED_FUNCTION = YES;
				GCC_WARN_UNUSED_VARIABLE = YES;
				IPHONEOS_DEPLOYMENT_TARGET = 10.2;
				MTL_ENABLE_DEBUG_INFO = NO;
				SDKROOT = iphoneos;
				SWIFT_OPTIMIZATION_LEVEL = "-Owholemodule";
				VALIDATE_PRODUCT = YES;
			};
			name = Release;
		};
		1465375E1EA2FEC900D60B72 /* Debug */ = {
			isa = XCBuildConfiguration;
			buildSettings = {
				ASSETCATALOG_COMPILER_APPICON_NAME = AppIcon;
				INFOPLIST_FILE = EPrevention/Info.plist;
				LD_RUNPATH_SEARCH_PATHS = "$(inherited) @executable_path/Frameworks";
				PRODUCT_BUNDLE_IDENTIFIER = com.CYC.EPrevention;
				PRODUCT_NAME = "$(TARGET_NAME)";
				SWIFT_VERSION = 3.0;
			};
			name = Debug;
		};
		1465375F1EA2FEC900D60B72 /* Release */ = {
			isa = XCBuildConfiguration;
			buildSettings = {
				ASSETCATALOG_COMPILER_APPICON_NAME = AppIcon;
				INFOPLIST_FILE = EPrevention/Info.plist;
				LD_RUNPATH_SEARCH_PATHS = "$(inherited) @executable_path/Frameworks";
				PRODUCT_BUNDLE_IDENTIFIER = com.CYC.EPrevention;
				PRODUCT_NAME = "$(TARGET_NAME)";
				SWIFT_VERSION = 3.0;
			};
			name = Release;
		};
		146537611EA2FEC900D60B72 /* Debug */ = {
			isa = XCBuildConfiguration;
			buildSettings = {
				ALWAYS_EMBED_SWIFT_STANDARD_LIBRARIES = YES;
				BUNDLE_LOADER = "$(TEST_HOST)";
				INFOPLIST_FILE = EPreventionTests/Info.plist;
				LD_RUNPATH_SEARCH_PATHS = "$(inherited) @executable_path/Frameworks @loader_path/Frameworks";
				PRODUCT_BUNDLE_IDENTIFIER = com.CYC.EPreventionTests;
				PRODUCT_NAME = "$(TARGET_NAME)";
				SWIFT_VERSION = 3.0;
				TEST_HOST = "$(BUILT_PRODUCTS_DIR)/EPrevention.app/EPrevention";
			};
			name = Debug;
		};
		146537621EA2FEC900D60B72 /* Release */ = {
			isa = XCBuildConfiguration;
			buildSettings = {
				ALWAYS_EMBED_SWIFT_STANDARD_LIBRARIES = YES;
				BUNDLE_LOADER = "$(TEST_HOST)";
				INFOPLIST_FILE = EPreventionTests/Info.plist;
				LD_RUNPATH_SEARCH_PATHS = "$(inherited) @executable_path/Frameworks @loader_path/Frameworks";
				PRODUCT_BUNDLE_IDENTIFIER = com.CYC.EPreventionTests;
				PRODUCT_NAME = "$(TARGET_NAME)";
				SWIFT_VERSION = 3.0;
				TEST_HOST = "$(BUILT_PRODUCTS_DIR)/EPrevention.app/EPrevention";
			};
			name = Release;
		};
/* End XCBuildConfiguration section */

/* Begin XCConfigurationList section */
		1465373B1EA2FEC800D60B72 /* Build configuration list for PBXProject "EPrevention" */ = {
			isa = XCConfigurationList;
			buildConfigurations = (
				1465375B1EA2FEC900D60B72 /* Debug */,
				1465375C1EA2FEC900D60B72 /* Release */,
			);
			defaultConfigurationIsVisible = 0;
			defaultConfigurationName = Release;
		};
		1465375D1EA2FEC900D60B72 /* Build configuration list for PBXNativeTarget "EPrevention" */ = {
			isa = XCConfigurationList;
			buildConfigurations = (
				1465375E1EA2FEC900D60B72 /* Debug */,
				1465375F1EA2FEC900D60B72 /* Release */,
			);
			defaultConfigurationIsVisible = 0;
		};
		146537601EA2FEC900D60B72 /* Build configuration list for PBXNativeTarget "EPreventionTests" */ = {
			isa = XCConfigurationList;
			buildConfigurations = (
				146537611EA2FEC900D60B72 /* Debug */,
				146537621EA2FEC900D60B72 /* Release */,
			);
			defaultConfigurationIsVisible = 0;
		};
/* End XCConfigurationList section */
	};
	rootObject = 146537381EA2FEC800D60B72 /* Project object */;
}
